<?xml version="1.0" encoding="UTF-8" standalone="yes" ?>
<CodeBlocks_project_file>
	<FileVersion major="1" minor="6" />
	<Project>
		<Option title="Arcdoc" />
		<Option pch_mode="2" />
		<Option compiler="gcc" />
		<Build>
			<Target title="Debug">
				<Option output="bin/Debug/Arcdoc" prefix_auto="1" extension_auto="1" />
				<Option object_output="obj/Debug/" />
				<Option type="1" />
				<Option compiler="gcc" />
				<Option parameters="-ps cpp -i" />
				<Compiler>
					<Add option="-g" />
					<Add directory="include" />
				</Compiler>
				<Linker>
					<Add option="--static" />
					<Add library="nullscript-d" />
					<Add library="Nslib-d" />
					<Add library="json-d" />
					<Add library="xml-d" />
				</Linker>
			</Target>
			<Target title="Release">
				<Option output="bin/Release/Arcdoc" prefix_auto="1" extension_auto="1" />
				<Option object_output="obj/Release/" />
				<Option type="1" />
				<Option compiler="gcc" />
				<Option parameters="-ps cpp -f in.txt" />
				<Compiler>
					<Add option="-O2" />
					<Add directory="include" />
				</Compiler>
				<Linker>
					<Add option="-s" />
					<Add option="--static" />
					<Add library="nullscript" />
					<Add library="Nslib" />
					<Add library="json" />
					<Add library="xml" />
				</Linker>
			</Target>
			<Target title="GenBase">
				<Option output="bin/genbase" prefix_auto="1" extension_auto="1" />
				<Option working_dir="" />
				<Option object_output="obj/Release/" />
				<Option type="2" />
				<Option compiler="gcc" />
				<Option parameters="-ps cpp -f in.txt" />
				<Compiler>
					<Add option="-O2" />
					<Add directory="include" />
				</Compiler>
				<Linker>
					<Add option="-s" />
					<Add option="--static" />
				</Linker>
			</Target>
		</Build>
		<VirtualTargets>
			<Add alias="All" targets="Debug;Release;" />
		</VirtualTargets>
		<Compiler>
			<Add option="-Wall" />
			<Add option="-std=c++11" />
			<Add option="-fexceptions" />
			<Add directory="../Nullscript project/v2/Nullscript/include" />
			<Add directory="../Nlib" />
		</Compiler>
		<Linker>
			<Add directory="../Nullscript project/v2/Nullscript/bin" />
			<Add directory="../Nlib/bin" />
		</Linker>
		<Unit filename="include/action.h" />
		<Unit filename="include/core.h">
			<Option target="Debug" />
			<Option target="Release" />
		</Unit>
		<Unit filename="include/generator.h">
			<Option target="Debug" />
			<Option target="Release" />
		</Unit>
		<Unit filename="include/inter.h">
			<Option target="Debug" />
			<Option target="Release" />
		</Unit>
		<Unit filename="include/module.h">
			<Option target="Debug" />
			<Option target="Release" />
		</Unit>
		<Unit filename="include/tokens.h">
			<Option target="Debug" />
			<Option target="Release" />
		</Unit>
		<Unit filename="main.cpp">
			<Option target="Debug" />
			<Option target="Release" />
		</Unit>
		<Unit filename="src/action.cpp">
			<Option target="Debug" />
			<Option target="Release" />
		</Unit>
		<Unit filename="src/core.cpp">
			<Option target="Debug" />
			<Option target="Release" />
		</Unit>
		<Unit filename="src/generator.cpp" />
		<Unit filename="src/inter.cpp">
			<Option target="Debug" />
			<Option target="Release" />
		</Unit>
		<Unit filename="src/module.cpp">
			<Option target="Debug" />
			<Option target="Release" />
		</Unit>
		<Unit filename="test/test1.h">
			<Option target="&lt;{~None~}&gt;" />
		</Unit>
		<Unit filename="test/test2.h">
			<Option target="&lt;{~None~}&gt;" />
		</Unit>
		<Extensions>
			<code_completion />
			<envvars />
			<debugger />
			<lib_finder disable_auto="1" />
			<DoxyBlocks>
				<comment_style block="0" line="0" />
				<doxyfile_project />
				<doxyfile_build />
				<doxyfile_warnings />
				<doxyfile_output />
				<doxyfile_dot />
				<general />
			</DoxyBlocks>
		</Extensions>
	</Project>
</CodeBlocks_project_file>
